
Microsoft Visual Studio Solution File, Format Version 12.00
# Visual Studio 15
VisualStudioVersion = 15.0.28307.106
MinimumVisualStudioVersion = 10.0.40219.1
Project("{FAE04EC0-301F-11D3-BF4B-00C04F79EFBC}") = "prog-4s-l8-3", "prog-4s-l8-3\prog-4s-l8-3.csproj", "{162B6008-CE2B-484A-999C-28033C93050A}"
EndProject
Global
	GlobalSection(SolutionConfigurationPlatforms) = preSolution
		Debug|Any CPU = Debug|Any CPU
		Release|Any CPU = Release|Any CPU
	EndGlobalSection
	GlobalSection(ProjectConfigurationPlatforms) = postSolution
		{162B6008-CE2B-484A-999C-28033C93050A}.Debug|Any CPU.ActiveCfg = Debug|Any CPU
		{162B6008-CE2B-484A-999C-28033C93050A}.Debug|Any CPU.Build.0 = Debug|Any CPU
		{162B6008-CE2B-484A-999C-28033C93050A}.Release|Any CPU.ActiveCfg = Release|Any CPU
		{162B6008-CE2B-484A-999C-28033C93050A}.Release|Any CPU.Build.0 = Release|Any CPU
	EndGlobalSection
	GlobalSection(SolutionProperties) = preSolution
		HideSolutionNode = FALSE
	EndGlobalSection
	GlobalSection(ExtensibilityGlobals) = postSolution
		SolutionGuid = {BCE9732E-DE8A-4559-BBA4-99F3EDDD9AF0}
	EndGlobalSection
EndGlobal
